
Microsoft Visual Studio Solution File, Format Version 12.00
# Visual Studio 15
VisualStudioVersion = 15.0.27004.2009
MinimumVisualStudioVersion = 10.0.40219.1
Project("{8BC9CEB8-8B4A-11D0-8D11-00A0C91BC942}") = "multithreaded_server", "multithreaded_server\multithreaded_server.vcxproj", "{5AE800AA-D31E-4B90-89BE-A6911C822269}"
EndProject
Global
	GlobalSection(SolutionConfigurationPlatforms) = preSolution
		Debug|Win32 = Debug|Win32
		Release|Win32 = Release|Win32
	EndGlobalSection
	GlobalSection(ProjectConfigurationPlatforms) = postSolution
		{5AE800AA-D31E-4B90-89BE-A6911C822269}.Debug|Win32.ActiveCfg = Debug|Win32
		{5AE800AA-D31E-4B90-89BE-A6911C822269}.Debug|Win32.Build.0 = Debug|Win32
		{5AE800AA-D31E-4B90-89BE-A6911C822269}.Release|Win32.ActiveCfg = Release|Win32
		{5AE800AA-D31E-4B90-89BE-A6911C822269}.Release|Win32.Build.0 = Release|Win32
	EndGlobalSection
	GlobalSection(SolutionProperties) = preSolution
		HideSolutionNode = FALSE
	EndGlobalSection
	GlobalSection(ExtensibilityGlobals) = postSolution
		SolutionGuid = {37D52011-A7D7-4D75-99E4-2EEB2784B388}
	EndGlobalSection
EndGlobal
